
Microsoft Visual Studio Solution File, Format Version 12.00
# Visual Studio Version 17
VisualStudioVersion = 17.7.34003.232
MinimumVisualStudioVersion = 10.0.40219.1
Project("{FAE04EC0-301F-11D3-BF4B-00C04F79EFBC}") = "ConsoleApp1", "ConsoleApp1\ConsoleApp1.csproj", "{A99D4961-67EC-4D79-96EE-17D11658927C}"
EndProject
Global
	GlobalSection(SolutionConfigurationPlatforms) = preSolution
		Debug|Any CPU = Debug|Any CPU
		Release|Any CPU = Release|Any CPU
	EndGlobalSection
	GlobalSection(ProjectConfigurationPlatforms) = postSolution
		{A99D4961-67EC-4D79-96EE-17D11658927C}.Debug|Any CPU.ActiveCfg = Debug|Any CPU
		{A99D4961-67EC-4D79-96EE-17D11658927C}.Debug|Any CPU.Build.0 = Debug|Any CPU
		{A99D4961-67EC-4D79-96EE-17D11658927C}.Release|Any CPU.ActiveCfg = Release|Any CPU
		{A99D4961-67EC-4D79-96EE-17D11658927C}.Release|Any CPU.Build.0 = Release|Any CPU
	EndGlobalSection
	GlobalSection(SolutionProperties) = preSolution
		HideSolutionNode = FALSE
	EndGlobalSection
	GlobalSection(ExtensibilityGlobals) = postSolution
		SolutionGuid = {2DC05AED-19E9-4B91-9EA2-B9AA46211D4C}
	EndGlobalSection
EndGlobal
